
Microsoft Visual Studio Solution File, Format Version 12.00
# Visual Studio Version 17
VisualStudioVersion = 17.6.33723.286
MinimumVisualStudioVersion = 10.0.40219.1
Project("{FAE04EC0-301F-11D3-BF4B-00C04F79EFBC}") = "SemihBerkeKilic_FinalProject", "SemihBerkeKilic_FinalProject.csproj", "{BD1E6571-EB40-4768-9D88-A8B94FA9F75E}"
EndProject
Global
	GlobalSection(SolutionConfigurationPlatforms) = preSolution
		Debug|Any CPU = Debug|Any CPU
		Release|Any CPU = Release|Any CPU
	EndGlobalSection
	GlobalSection(ProjectConfigurationPlatforms) = postSolution
		{BD1E6571-EB40-4768-9D88-A8B94FA9F75E}.Debug|Any CPU.ActiveCfg = Debug|Any CPU
		{BD1E6571-EB40-4768-9D88-A8B94FA9F75E}.Debug|Any CPU.Build.0 = Debug|Any CPU
		{BD1E6571-EB40-4768-9D88-A8B94FA9F75E}.Release|Any CPU.ActiveCfg = Release|Any CPU
		{BD1E6571-EB40-4768-9D88-A8B94FA9F75E}.Release|Any CPU.Build.0 = Release|Any CPU
	EndGlobalSection
	GlobalSection(SolutionProperties) = preSolution
		HideSolutionNode = FALSE
	EndGlobalSection
	GlobalSection(ExtensibilityGlobals) = postSolution
		SolutionGuid = {5980DEBD-2528-4998-B986-A1A048211658}
	EndGlobalSection
EndGlobal
